// !$*UTF8*$!
{
	archiveVersion = 1;
	classes = {
	};
	objectVersion = 51;
	objects = {

/* Begin PBXBuildFile section */
		7FAE117B34E06C4B9963171D /* Pods_QADS_Cafe_and_BarTests.framework in Frameworks */ = {isa = PBXBuildFile; fileRef = 12D6FF57C0390BA854E31FD4 /* Pods_QADS_Cafe_and_BarTests.framework */; };
		C367EB6C57150C9192FAC3D6 /* Pods_QADS_Cafe_and_Bar.framework in Frameworks */ = {isa = PBXBuildFile; fileRef = 332C19A9EE15E726CAD75FA4 /* Pods_QADS_Cafe_and_Bar.framework */; };
		CDD1BC48AE37D62A403539DF /* Pods_QADS_Cafe_and_Bar_QADS_Cafe_and_BarUITests.framework in Frameworks */ = {isa = PBXBuildFile; fileRef = 57F3777C07EA3810AEDDBA1B /* Pods_QADS_Cafe_and_Bar_QADS_Cafe_and_BarUITests.framework */; };
		F414A8FC25CE9E380008B9AB /* CafeViewController.swift in Sources */ = {isa = PBXBuildFile; fileRef = F414A8FB25CE9E380008B9AB /* CafeViewController.swift */; };
		F414A90425CEAB980008B9AB /* BarViewController.swift in Sources */ = {isa = PBXBuildFile; fileRef = F414A90325CEAB980008B9AB /* BarViewController.swift */; };
		F4188F4B2677C7A90071FC37 /* TestTitleCollectionViewCell.swift in Sources */ = {isa = PBXBuildFile; fileRef = F4188F4A2677C7A90071FC37 /* TestTitleCollectionViewCell.swift */; };
		F4188F4F267B68780071FC37 /* TestAllergensCollectionViewCell.swift in Sources */ = {isa = PBXBuildFile; fileRef = F4188F4E267B68780071FC37 /* TestAllergensCollectionViewCell.swift */; };
		F429480225C86A6B00A11D94 /* OrderConfirmationViewController.swift in Sources */ = {isa = PBXBuildFile; fileRef = F429480125C86A6B00A11D94 /* OrderConfirmationViewController.swift */; };
		F429480725C88A5D00A11D94 /* CategoryList.swift in Sources */ = {isa = PBXBuildFile; fileRef = F429480625C88A5D00A11D94 /* CategoryList.swift */; };
		F43EE1DF25A4F5BA000844D7 /* extensions.swift in Sources */ = {isa = PBXBuildFile; fileRef = F43EE1DE25A4F5BA000844D7 /* extensions.swift */; };
		F444DFB825C84A9900E8D7CE /* SignUpViewController.swift in Sources */ = {isa = PBXBuildFile; fileRef = F444DFB725C84A9900E8D7CE /* SignUpViewController.swift */; };
		F49B429825B1AE8700FDF054 /* OrderItemsTableViewCell.swift in Sources */ = {isa = PBXBuildFile; fileRef = F49B429725B1AE8700FDF054 /* OrderItemsTableViewCell.swift */; };
		F4A3393C264C0EE8003F15BC /* BasketViewController.swift in Sources */ = {isa = PBXBuildFile; fileRef = F4A3393B264C0EE8003F15BC /* BasketViewController.swift */; };
		F4A3393E264C0F2D003F15BC /* OrderItemsCollectionViewCell.swift in Sources */ = {isa = PBXBuildFile; fileRef = F4A3393D264C0F2D003F15BC /* OrderItemsCollectionViewCell.swift */; };
		F4A33940264C1E4F003F15BC /* DetailsFooterCollectionReusableView.swift in Sources */ = {isa = PBXBuildFile; fileRef = F4A3393F264C1E4F003F15BC /* DetailsFooterCollectionReusableView.swift */; };
		F4A33942264FC609003F15BC /* ButteryViewController.swift in Sources */ = {isa = PBXBuildFile; fileRef = F4A33941264FC609003F15BC /* ButteryViewController.swift */; };
		F4A3394426526B62003F15BC /* OptionPickerViewController.swift in Sources */ = {isa = PBXBuildFile; fileRef = F4A3394326526B61003F15BC /* OptionPickerViewController.swift */; };
		F4CF6702257BB7C1004FF87F /* AppDelegate.swift in Sources */ = {isa = PBXBuildFile; fileRef = F4CF6701257BB7C1004FF87F /* AppDelegate.swift */; };
		F4CF6704257BB7C1004FF87F /* SceneDelegate.swift in Sources */ = {isa = PBXBuildFile; fileRef = F4CF6703257BB7C1004FF87F /* SceneDelegate.swift */; };
		F4CF6709257BB7C1004FF87F /* Main.storyboard in Resources */ = {isa = PBXBuildFile; fileRef = F4CF6707257BB7C1004FF87F /* Main.storyboard */; };
		F4CF670B257BB7C1004FF87F /* Assets.xcassets in Resources */ = {isa = PBXBuildFile; fileRef = F4CF670A257BB7C1004FF87F /* Assets.xcassets */; };
		F4CF670E257BB7C1004FF87F /* LaunchScreen.storyboard in Resources */ = {isa = PBXBuildFile; fileRef = F4CF670C257BB7C1004FF87F /* LaunchScreen.storyboard */; };
		F4CF6719257BB7C2004FF87F /* QADS_Cafe_and_BarTests.swift in Sources */ = {isa = PBXBuildFile; fileRef = F4CF6718257BB7C2004FF87F /* QADS_Cafe_and_BarTests.swift */; };
		F4CF6724257BB7C2004FF87F /* QADS_Cafe_and_BarUITests.swift in Sources */ = {isa = PBXBuildFile; fileRef = F4CF6723257BB7C2004FF87F /* QADS_Cafe_and_BarUITests.swift */; };
		F4CF6735257BB8BB004FF87F /* GoogleService-Info.plist in Resources */ = {isa = PBXBuildFile; fileRef = F4CF6734257BB8BB004FF87F /* GoogleService-Info.plist */; };
		F4CF6736257BB8BB004FF87F /* GoogleService-Info.plist in Resources */ = {isa = PBXBuildFile; fileRef = F4CF6734257BB8BB004FF87F /* GoogleService-Info.plist */; };
		F4CF6737257BB8BB004FF87F /* GoogleService-Info.plist in Resources */ = {isa = PBXBuildFile; fileRef = F4CF6734257BB8BB004FF87F /* GoogleService-Info.plist */; };
		F4D1A8EC257BD31A0027035C /* SignInViewController.swift in Sources */ = {isa = PBXBuildFile; fileRef = F4D1A8EB257BD31A0027035C /* SignInViewController.swift */; };
		F4D1A914257BD9F30027035C /* User.swift in Sources */ = {isa = PBXBuildFile; fileRef = F4D1A913257BD9F30027035C /* User.swift */; };
		F4D1A91E257BE1950027035C /* MainTabBarViewController.swift in Sources */ = {isa = PBXBuildFile; fileRef = F4D1A91D257BE1950027035C /* MainTabBarViewController.swift */; };
		F4D1A926257BE39A0027035C /* MainNavigationViewController.swift in Sources */ = {isa = PBXBuildFile; fileRef = F4D1A925257BE39A0027035C /* MainNavigationViewController.swift */; };
		F4D1A92D257BEB8E0027035C /* CategoriesCollectionViewCell.swift in Sources */ = {isa = PBXBuildFile; fileRef = F4D1A92B257BEB8E0027035C /* CategoriesCollectionViewCell.swift */; };
		F4D1A92E257BEB8E0027035C /* CategoriesCollectionViewCell.xib in Resources */ = {isa = PBXBuildFile; fileRef = F4D1A92C257BEB8E0027035C /* CategoriesCollectionViewCell.xib */; };
		F4D1A940257C02130027035C /* Constants.swift in Sources */ = {isa = PBXBuildFile; fileRef = F4D1A93F257C02130027035C /* Constants.swift */; };
		F4D1A945257C07600027035C /* ItemsViewController.swift in Sources */ = {isa = PBXBuildFile; fileRef = F4D1A944257C07600027035C /* ItemsViewController.swift */; };
		F4D1A94A257C39030027035C /* Item.swift in Sources */ = {isa = PBXBuildFile; fileRef = F4D1A949257C39030027035C /* Item.swift */; };
		F4D1A950257C40D40027035C /* ItemCollectionViewCell.swift in Sources */ = {isa = PBXBuildFile; fileRef = F4D1A94E257C40D40027035C /* ItemCollectionViewCell.swift */; };
		F4D1A951257C40D40027035C /* ItemCollectionViewCell.xib in Resources */ = {isa = PBXBuildFile; fileRef = F4D1A94F257C40D40027035C /* ItemCollectionViewCell.xib */; };
		F4D1A957257D0D390027035C /* ItemDetailViewController.swift in Sources */ = {isa = PBXBuildFile; fileRef = F4D1A956257D0D390027035C /* ItemDetailViewController.swift */; };
		F4D1A960257D41E10027035C /* OptionsTableViewCell.swift in Sources */ = {isa = PBXBuildFile; fileRef = F4D1A95E257D41E10027035C /* OptionsTableViewCell.swift */; };
		F4D944A325A5F6780061532A /* Order.swift in Sources */ = {isa = PBXBuildFile; fileRef = F4D944A225A5F6780061532A /* Order.swift */; };
		F4E664882674A5110044A6C9 /* TestViewController.swift in Sources */ = {isa = PBXBuildFile; fileRef = F4E664872674A5110044A6C9 /* TestViewController.swift */; };
		F4E6648A2674B30A0044A6C9 /* TestCollectionViewCell.swift in Sources */ = {isa = PBXBuildFile; fileRef = F4E664892674B30A0044A6C9 /* TestCollectionViewCell.swift */; };
		F4E6648C267614190044A6C9 /* TestTableViewCell.swift in Sources */ = {isa = PBXBuildFile; fileRef = F4E6648B267614190044A6C9 /* TestTableViewCell.swift */; };
		F4EDDCFE265BC16E0095FC2C /* AllergiesTableViewCell.swift in Sources */ = {isa = PBXBuildFile; fileRef = F4EDDCFD265BC16E0095FC2C /* AllergiesTableViewCell.swift */; };
		F4EDDD00265BC2430095FC2C /* CheckBoxImageView.swift in Sources */ = {isa = PBXBuildFile; fileRef = F4EDDCFF265BC2430095FC2C /* CheckBoxImageView.swift */; };
/* End PBXBuildFile section */

/* Begin PBXContainerItemProxy section */
		F4CF6715257BB7C2004FF87F /* PBXContainerItemProxy */ = {
			isa = PBXContainerItemProxy;
			containerPortal = F4CF66F6257BB7C1004FF87F /* Project object */;
			proxyType = 1;
			remoteGlobalIDString = F4CF66FD257BB7C1004FF87F;
			remoteInfo = "QADS Cafe and Bar";
		};
		F4CF6720257BB7C2004FF87F /* PBXContainerItemProxy */ = {
			isa = PBXContainerItemProxy;
			containerPortal = F4CF66F6257BB7C1004FF87F /* Project object */;
			proxyType = 1;
			remoteGlobalIDString = F4CF66FD257BB7C1004FF87F;
			remoteInfo = "QADS Cafe and Bar";
		};
/* End PBXContainerItemProxy section */

/* Begin PBXFileReference section */
		12D6FF57C0390BA854E31FD4 /* Pods_QADS_Cafe_and_BarTests.framework */ = {isa = PBXFileReference; explicitFileType = wrapper.framework; includeInIndex = 0; path = Pods_QADS_Cafe_and_BarTests.framework; sourceTree = BUILT_PRODUCTS_DIR; };
		22F5D011CF0440850C9A594B /* Pods-QADS Cafe and Bar.release.xcconfig */ = {isa = PBXFileReference; includeInIndex = 1; lastKnownFileType = text.xcconfig; name = "Pods-QADS Cafe and Bar.release.xcconfig"; path = "Target Support Files/Pods-QADS Cafe and Bar/Pods-QADS Cafe and Bar.release.xcconfig"; sourceTree = "<group>"; };
		332C19A9EE15E726CAD75FA4 /* Pods_QADS_Cafe_and_Bar.framework */ = {isa = PBXFileReference; explicitFileType = wrapper.framework; includeInIndex = 0; path = Pods_QADS_Cafe_and_Bar.framework; sourceTree = BUILT_PRODUCTS_DIR; };
		40CB71C94E8C2A72ABDE605B /* Pods-QADS Cafe and BarTests.release.xcconfig */ = {isa = PBXFileReference; includeInIndex = 1; lastKnownFileType = text.xcconfig; name = "Pods-QADS Cafe and BarTests.release.xcconfig"; path = "Target Support Files/Pods-QADS Cafe and BarTests/Pods-QADS Cafe and BarTests.release.xcconfig"; sourceTree = "<group>"; };
		57F3777C07EA3810AEDDBA1B /* Pods_QADS_Cafe_and_Bar_QADS_Cafe_and_BarUITests.framework */ = {isa = PBXFileReference; explicitFileType = wrapper.framework; includeInIndex = 0; path = Pods_QADS_Cafe_and_Bar_QADS_Cafe_and_BarUITests.framework; sourceTree = BUILT_PRODUCTS_DIR; };
		5E59C8EA50E6768D644498A6 /* Pods-QADS Cafe and Bar-QADS Cafe and BarUITests.debug.xcconfig */ = {isa = PBXFileReference; includeInIndex = 1; lastKnownFileType = text.xcconfig; name = "Pods-QADS Cafe and Bar-QADS Cafe and BarUITests.debug.xcconfig"; path = "Target Support Files/Pods-QADS Cafe and Bar-QADS Cafe and BarUITests/Pods-QADS Cafe and Bar-QADS Cafe and BarUITests.debug.xcconfig"; sourceTree = "<group>"; };
		848306473783005A3AB87F8A /* Pods-QADS Cafe and Bar-QADS Cafe and BarUITests.release.xcconfig */ = {isa = PBXFileReference; includeInIndex = 1; lastKnownFileType = text.xcconfig; name = "Pods-QADS Cafe and Bar-QADS Cafe and BarUITests.release.xcconfig"; path = "Target Support Files/Pods-QADS Cafe and Bar-QADS Cafe and BarUITests/Pods-QADS Cafe and Bar-QADS Cafe and BarUITests.release.xcconfig"; sourceTree = "<group>"; };
		A35502AFC7100019E8B92804 /* Pods-QADS Cafe and BarTests.debug.xcconfig */ = {isa = PBXFileReference; includeInIndex = 1; lastKnownFileType = text.xcconfig; name = "Pods-QADS Cafe and BarTests.debug.xcconfig"; path = "Target Support Files/Pods-QADS Cafe and BarTests/Pods-QADS Cafe and BarTests.debug.xcconfig"; sourceTree = "<group>"; };
		B98F58E963B94DBCF2D08CB8 /* Pods-QADS Cafe and Bar.debug.xcconfig */ = {isa = PBXFileReference; includeInIndex = 1; lastKnownFileType = text.xcconfig; name = "Pods-QADS Cafe and Bar.debug.xcconfig"; path = "Target Support Files/Pods-QADS Cafe and Bar/Pods-QADS Cafe and Bar.debug.xcconfig"; sourceTree = "<group>"; };
		F414A8FB25CE9E380008B9AB /* CafeViewController.swift */ = {isa = PBXFileReference; lastKnownFileType = sourcecode.swift; path = CafeViewController.swift; sourceTree = "<group>"; };
		F414A90325CEAB980008B9AB /* BarViewController.swift */ = {isa = PBXFileReference; lastKnownFileType = sourcecode.swift; path = BarViewController.swift; sourceTree = "<group>"; };
		F4188F4A2677C7A90071FC37 /* TestTitleCollectionViewCell.swift */ = {isa = PBXFileReference; lastKnownFileType = sourcecode.swift; path = TestTitleCollectionViewCell.swift; sourceTree = "<group>"; };
		F4188F4E267B68780071FC37 /* TestAllergensCollectionViewCell.swift */ = {isa = PBXFileReference; lastKnownFileType = sourcecode.swift; path = TestAllergensCollectionViewCell.swift; sourceTree = "<group>"; };
		F429480125C86A6B00A11D94 /* OrderConfirmationViewController.swift */ = {isa = PBXFileReference; lastKnownFileType = sourcecode.swift; path = OrderConfirmationViewController.swift; sourceTree = "<group>"; };
		F429480625C88A5D00A11D94 /* CategoryList.swift */ = {isa = PBXFileReference; lastKnownFileType = sourcecode.swift; path = CategoryList.swift; sourceTree = "<group>"; };
		F43EE1DE25A4F5BA000844D7 /* extensions.swift */ = {isa = PBXFileReference; lastKnownFileType = sourcecode.swift; path = extensions.swift; sourceTree = "<group>"; };
		F444DF1C25C83E4A00E8D7CE /* QADS Cafe and Bar.entitlements */ = {isa = PBXFileReference; lastKnownFileType = text.plist.entitlements; path = "QADS Cafe and Bar.entitlements"; sourceTree = "<group>"; };
		F444DFB725C84A9900E8D7CE /* SignUpViewController.swift */ = {isa = PBXFileReference; lastKnownFileType = sourcecode.swift; path = SignUpViewController.swift; sourceTree = "<group>"; };
		F49B429725B1AE8700FDF054 /* OrderItemsTableViewCell.swift */ = {isa = PBXFileReference; lastKnownFileType = sourcecode.swift; path = OrderItemsTableViewCell.swift; sourceTree = "<group>"; };
		F4A3393B264C0EE8003F15BC /* BasketViewController.swift */ = {isa = PBXFileReference; lastKnownFileType = sourcecode.swift; path = BasketViewController.swift; sourceTree = "<group>"; };
		F4A3393D264C0F2D003F15BC /* OrderItemsCollectionViewCell.swift */ = {isa = PBXFileReference; lastKnownFileType = sourcecode.swift; path = OrderItemsCollectionViewCell.swift; sourceTree = "<group>"; };
		F4A3393F264C1E4F003F15BC /* DetailsFooterCollectionReusableView.swift */ = {isa = PBXFileReference; lastKnownFileType = sourcecode.swift; path = DetailsFooterCollectionReusableView.swift; sourceTree = "<group>"; };
		F4A33941264FC609003F15BC /* ButteryViewController.swift */ = {isa = PBXFileReference; lastKnownFileType = sourcecode.swift; path = ButteryViewController.swift; sourceTree = "<group>"; };
		F4A3394326526B61003F15BC /* OptionPickerViewController.swift */ = {isa = PBXFileReference; lastKnownFileType = sourcecode.swift; path = OptionPickerViewController.swift; sourceTree = "<group>"; };
		F4CF66FE257BB7C1004FF87F /* QADS Cafe and Bar.app */ = {isa = PBXFileReference; explicitFileType = wrapper.application; includeInIndex = 0; path = "QADS Cafe and Bar.app"; sourceTree = BUILT_PRODUCTS_DIR; };
		F4CF6701257BB7C1004FF87F /* AppDelegate.swift */ = {isa = PBXFileReference; lastKnownFileType = sourcecode.swift; path = AppDelegate.swift; sourceTree = "<group>"; };
		F4CF6703257BB7C1004FF87F /* SceneDelegate.swift */ = {isa = PBXFileReference; lastKnownFileType = sourcecode.swift; path = SceneDelegate.swift; sourceTree = "<group>"; };
		F4CF6708257BB7C1004FF87F /* Base */ = {isa = PBXFileReference; lastKnownFileType = file.storyboard; name = Base; path = Base.lproj/Main.storyboard; sourceTree = "<group>"; };
		F4CF670A257BB7C1004FF87F /* Assets.xcassets */ = {isa = PBXFileReference; lastKnownFileType = folder.assetcatalog; path = Assets.xcassets; sourceTree = "<group>"; };
		F4CF670D257BB7C1004FF87F /* Base */ = {isa = PBXFileReference; lastKnownFileType = file.storyboard; name = Base; path = Base.lproj/LaunchScreen.storyboard; sourceTree = "<group>"; };
		F4CF670F257BB7C1004FF87F /* Info.plist */ = {isa = PBXFileReference; lastKnownFileType = text.plist.xml; path = Info.plist; sourceTree = "<group>"; };
		F4CF6714257BB7C2004FF87F /* QADS Cafe and BarTests.xctest */ = {isa = PBXFileReference; explicitFileType = wrapper.cfbundle; includeInIndex = 0; path = "QADS Cafe and BarTests.xctest"; sourceTree = BUILT_PRODUCTS_DIR; };
		F4CF6718257BB7C2004FF87F /* QADS_Cafe_and_BarTests.swift */ = {isa = PBXFileReference; lastKnownFileType = sourcecode.swift; path = QADS_Cafe_and_BarTests.swift; sourceTree = "<group>"; };
		F4CF671A257BB7C2004FF87F /* Info.plist */ = {isa = PBXFileReference; lastKnownFileType = text.plist.xml; path = Info.plist; sourceTree = "<group>"; };
		F4CF671F257BB7C2004FF87F /* QADS Cafe and BarUITests.xctest */ = {isa = PBXFileReference; explicitFileType = wrapper.cfbundle; includeInIndex = 0; path = "QADS Cafe and BarUITests.xctest"; sourceTree = BUILT_PRODUCTS_DIR; };
		F4CF6723257BB7C2004FF87F /* QADS_Cafe_and_BarUITests.swift */ = {isa = PBXFileReference; lastKnownFileType = sourcecode.swift; path = QADS_Cafe_and_BarUITests.swift; sourceTree = "<group>"; };
		F4CF6725257BB7C2004FF87F /* Info.plist */ = {isa = PBXFileReference; lastKnownFileType = text.plist.xml; path = Info.plist; sourceTree = "<group>"; };
		F4CF6734257BB8BB004FF87F /* GoogleService-Info.plist */ = {isa = PBXFileReference; fileEncoding = 4; lastKnownFileType = text.plist.xml; path = "GoogleService-Info.plist"; sourceTree = "<group>"; };
		F4D1A8EB257BD31A0027035C /* SignInViewController.swift */ = {isa = PBXFileReference; lastKnownFileType = sourcecode.swift; path = SignInViewController.swift; sourceTree = "<group>"; };
		F4D1A913257BD9F30027035C /* User.swift */ = {isa = PBXFileReference; lastKnownFileType = sourcecode.swift; path = User.swift; sourceTree = "<group>"; };
		F4D1A91D257BE1950027035C /* MainTabBarViewController.swift */ = {isa = PBXFileReference; lastKnownFileType = sourcecode.swift; path = MainTabBarViewController.swift; sourceTree = "<group>"; };
		F4D1A925257BE39A0027035C /* MainNavigationViewController.swift */ = {isa = PBXFileReference; lastKnownFileType = sourcecode.swift; path = MainNavigationViewController.swift; sourceTree = "<group>"; };
		F4D1A92B257BEB8E0027035C /* CategoriesCollectionViewCell.swift */ = {isa = PBXFileReference; lastKnownFileType = sourcecode.swift; path = CategoriesCollectionViewCell.swift; sourceTree = "<group>"; };
		F4D1A92C257BEB8E0027035C /* CategoriesCollectionViewCell.xib */ = {isa = PBXFileReference; lastKnownFileType = file.xib; path = CategoriesCollectionViewCell.xib; sourceTree = "<group>"; };
		F4D1A93F257C02130027035C /* Constants.swift */ = {isa = PBXFileReference; lastKnownFileType = sourcecode.swift; path = Constants.swift; sourceTree = "<group>"; };
		F4D1A944257C07600027035C /* ItemsViewController.swift */ = {isa = PBXFileReference; lastKnownFileType = sourcecode.swift; path = ItemsViewController.swift; sourceTree = "<group>"; };
		F4D1A949257C39030027035C /* Item.swift */ = {isa = PBXFileReference; lastKnownFileType = sourcecode.swift; path = Item.swift; sourceTree = "<group>"; };
		F4D1A94E257C40D40027035C /* ItemCollectionViewCell.swift */ = {isa = PBXFileReference; lastKnownFileType = sourcecode.swift; path = ItemCollectionViewCell.swift; sourceTree = "<group>"; };
		F4D1A94F257C40D40027035C /* ItemCollectionViewCell.xib */ = {isa = PBXFileReference; lastKnownFileType = file.xib; path = ItemCollectionViewCell.xib; sourceTree = "<group>"; };
		F4D1A956257D0D390027035C /* ItemDetailViewController.swift */ = {isa = PBXFileReference; lastKnownFileType = sourcecode.swift; path = ItemDetailViewController.swift; sourceTree = "<group>"; };
		F4D1A95E257D41E10027035C /* OptionsTableViewCell.swift */ = {isa = PBXFileReference; lastKnownFileType = sourcecode.swift; path = OptionsTableViewCell.swift; sourceTree = "<group>"; };
		F4D944A225A5F6780061532A /* Order.swift */ = {isa = PBXFileReference; lastKnownFileType = sourcecode.swift; path = Order.swift; sourceTree = "<group>"; };
		F4E664872674A5110044A6C9 /* TestViewController.swift */ = {isa = PBXFileReference; lastKnownFileType = sourcecode.swift; path = TestViewController.swift; sourceTree = "<group>"; };
		F4E664892674B30A0044A6C9 /* TestCollectionViewCell.swift */ = {isa = PBXFileReference; lastKnownFileType = sourcecode.swift; path = TestCollectionViewCell.swift; sourceTree = "<group>"; };
		F4E6648B267614190044A6C9 /* TestTableViewCell.swift */ = {isa = PBXFileReference; lastKnownFileType = sourcecode.swift; path = TestTableViewCell.swift; sourceTree = "<group>"; };
		F4EDDCFD265BC16E0095FC2C /* AllergiesTableViewCell.swift */ = {isa = PBXFileReference; lastKnownFileType = sourcecode.swift; path = AllergiesTableViewCell.swift; sourceTree = "<group>"; };
		F4EDDCFF265BC2430095FC2C /* CheckBoxImageView.swift */ = {isa = PBXFileReference; lastKnownFileType = sourcecode.swift; path = CheckBoxImageView.swift; sourceTree = "<group>"; };
/* End PBXFileReference section */

/* Begin PBXFrameworksBuildPhase section */
		F4CF66FB257BB7C1004FF87F /* Frameworks */ = {
			isa = PBXFrameworksBuildPhase;
			buildActionMask = 2147483647;
			files = (
				C367EB6C57150C9192FAC3D6 /* Pods_QADS_Cafe_and_Bar.framework in Frameworks */,
			);
			runOnlyForDeploymentPostprocessing = 0;
		};
		F4CF6711257BB7C2004FF87F /* Frameworks */ = {
			isa = PBXFrameworksBuildPhase;
			buildActionMask = 2147483647;
			files = (
				7FAE117B34E06C4B9963171D /* Pods_QADS_Cafe_and_BarTests.framework in Frameworks */,
			);
			runOnlyForDeploymentPostprocessing = 0;
		};
		F4CF671C257BB7C2004FF87F /* Frameworks */ = {
			isa = PBXFrameworksBuildPhase;
			buildActionMask = 2147483647;
			files = (
				CDD1BC48AE37D62A403539DF /* Pods_QADS_Cafe_and_Bar_QADS_Cafe_and_BarUITests.framework in Frameworks */,
			);
			runOnlyForDeploymentPostprocessing = 0;
		};
/* End PBXFrameworksBuildPhase section */

/* Begin PBXGroup section */
		03F7351822E5290126655ED1 /* Pods */ = {
			isa = PBXGroup;
			children = (
				B98F58E963B94DBCF2D08CB8 /* Pods-QADS Cafe and Bar.debug.xcconfig */,
				22F5D011CF0440850C9A594B /* Pods-QADS Cafe and Bar.release.xcconfig */,
				5E59C8EA50E6768D644498A6 /* Pods-QADS Cafe and Bar-QADS Cafe and BarUITests.debug.xcconfig */,
				848306473783005A3AB87F8A /* Pods-QADS Cafe and Bar-QADS Cafe and BarUITests.release.xcconfig */,
				A35502AFC7100019E8B92804 /* Pods-QADS Cafe and BarTests.debug.xcconfig */,
				40CB71C94E8C2A72ABDE605B /* Pods-QADS Cafe and BarTests.release.xcconfig */,
			);
			path = Pods;
			sourceTree = "<group>";
		};
		7386D513371AE6AFE14338C4 /* Frameworks */ = {
			isa = PBXGroup;
			children = (
				332C19A9EE15E726CAD75FA4 /* Pods_QADS_Cafe_and_Bar.framework */,
				57F3777C07EA3810AEDDBA1B /* Pods_QADS_Cafe_and_Bar_QADS_Cafe_and_BarUITests.framework */,
				12D6FF57C0390BA854E31FD4 /* Pods_QADS_Cafe_and_BarTests.framework */,
			);
			name = Frameworks;
			sourceTree = "<group>";
		};
		F4A33945265288EA003F15BC /* Sign In Controllers */ = {
			isa = PBXGroup;
			children = (
				F4D1A8EB257BD31A0027035C /* SignInViewController.swift */,
				F444DFB725C84A9900E8D7CE /* SignUpViewController.swift */,
				F4D1A925257BE39A0027035C /* MainNavigationViewController.swift */,
			);
			path = "Sign In Controllers";
			sourceTree = "<group>";
		};
		F4CF66F5257BB7C1004FF87F = {
			isa = PBXGroup;
			children = (
				F4CF6700257BB7C1004FF87F /* QADS Cafe and Bar */,
				F4CF6717257BB7C2004FF87F /* QADS Cafe and BarTests */,
				F4CF6722257BB7C2004FF87F /* QADS Cafe and BarUITests */,
				F4CF66FF257BB7C1004FF87F /* Products */,
				03F7351822E5290126655ED1 /* Pods */,
				7386D513371AE6AFE14338C4 /* Frameworks */,
			);
			sourceTree = "<group>";
		};
		F4CF66FF257BB7C1004FF87F /* Products */ = {
			isa = PBXGroup;
			children = (
				F4CF66FE257BB7C1004FF87F /* QADS Cafe and Bar.app */,
				F4CF6714257BB7C2004FF87F /* QADS Cafe and BarTests.xctest */,
				F4CF671F257BB7C2004FF87F /* QADS Cafe and BarUITests.xctest */,
			);
			name = Products;
			sourceTree = "<group>";
		};
		F4CF6700257BB7C1004FF87F /* QADS Cafe and Bar */ = {
			isa = PBXGroup;
			children = (
				F444DF1C25C83E4A00E8D7CE /* QADS Cafe and Bar.entitlements */,
				F4D1A92A257BEB6A0027035C /* Cells */,
				F4D1A912257BD9C20027035C /* Helpers */,
				F4D1A8E4257BD09C0027035C /* View Controllers */,
				F4CF6701257BB7C1004FF87F /* AppDelegate.swift */,
				F4CF6703257BB7C1004FF87F /* SceneDelegate.swift */,
				F4CF6707257BB7C1004FF87F /* Main.storyboard */,
				F4CF670A257BB7C1004FF87F /* Assets.xcassets */,
				F4CF670C257BB7C1004FF87F /* LaunchScreen.storyboard */,
				F4CF670F257BB7C1004FF87F /* Info.plist */,
				F4CF6734257BB8BB004FF87F /* GoogleService-Info.plist */,
			);
			path = "QADS Cafe and Bar";
			sourceTree = "<group>";
		};
		F4CF6717257BB7C2004FF87F /* QADS Cafe and BarTests */ = {
			isa = PBXGroup;
			children = (
				F4CF6718257BB7C2004FF87F /* QADS_Cafe_and_BarTests.swift */,
				F4CF671A257BB7C2004FF87F /* Info.plist */,
			);
			path = "QADS Cafe and BarTests";
			sourceTree = "<group>";
		};
		F4CF6722257BB7C2004FF87F /* QADS Cafe and BarUITests */ = {
			isa = PBXGroup;
			children = (
				F4CF6723257BB7C2004FF87F /* QADS_Cafe_and_BarUITests.swift */,
				F4CF6725257BB7C2004FF87F /* Info.plist */,
			);
			path = "QADS Cafe and BarUITests";
			sourceTree = "<group>";
		};
		F4D1A8E4257BD09C0027035C /* View Controllers */ = {
			isa = PBXGroup;
			children = (
				F4A33945265288EA003F15BC /* Sign In Controllers */,
				F4D1A91C257BE1640027035C /* Tab Bar Controllers */,
				F4D1A955257D0C770027035C /* Other View Controllers */,
			);
			path = "View Controllers";
			sourceTree = "<group>";
		};
		F4D1A912257BD9C20027035C /* Helpers */ = {
			isa = PBXGroup;
			children = (
				F4D1A913257BD9F30027035C /* User.swift */,
				F4D1A93F257C02130027035C /* Constants.swift */,
				F4D1A949257C39030027035C /* Item.swift */,
				F4D944A225A5F6780061532A /* Order.swift */,
				F43EE1DE25A4F5BA000844D7 /* extensions.swift */,
				F429480625C88A5D00A11D94 /* CategoryList.swift */,
				F4EDDCFF265BC2430095FC2C /* CheckBoxImageView.swift */,
			);
			path = Helpers;
			sourceTree = "<group>";
		};
		F4D1A91C257BE1640027035C /* Tab Bar Controllers */ = {
			isa = PBXGroup;
			children = (
				F4D1A91D257BE1950027035C /* MainTabBarViewController.swift */,
				F414A8FB25CE9E380008B9AB /* CafeViewController.swift */,
				F414A90325CEAB980008B9AB /* BarViewController.swift */,
				F4A33941264FC609003F15BC /* ButteryViewController.swift */,
			);
			path = "Tab Bar Controllers";
			sourceTree = "<group>";
		};
		F4D1A92A257BEB6A0027035C /* Cells */ = {
			isa = PBXGroup;
			children = (
				F4D1A92B257BEB8E0027035C /* CategoriesCollectionViewCell.swift */,
				F4D1A92C257BEB8E0027035C /* CategoriesCollectionViewCell.xib */,
				F4D1A94E257C40D40027035C /* ItemCollectionViewCell.swift */,
				F4D1A94F257C40D40027035C /* ItemCollectionViewCell.xib */,
				F4D1A95E257D41E10027035C /* OptionsTableViewCell.swift */,
				F49B429725B1AE8700FDF054 /* OrderItemsTableViewCell.swift */,
				F4A3393D264C0F2D003F15BC /* OrderItemsCollectionViewCell.swift */,
				F4A3393F264C1E4F003F15BC /* DetailsFooterCollectionReusableView.swift */,
				F4EDDCFD265BC16E0095FC2C /* AllergiesTableViewCell.swift */,
			);
			path = Cells;
			sourceTree = "<group>";
		};
		F4D1A955257D0C770027035C /* Other View Controllers */ = {
			isa = PBXGroup;
			children = (
				F4D1A944257C07600027035C /* ItemsViewController.swift */,
				F4D1A956257D0D390027035C /* ItemDetailViewController.swift */,
				F4A3394326526B61003F15BC /* OptionPickerViewController.swift */,
				F4A3393B264C0EE8003F15BC /* BasketViewController.swift */,
				F429480125C86A6B00A11D94 /* OrderConfirmationViewController.swift */,
				F4E664872674A5110044A6C9 /* TestViewController.swift */,
				F4188F4A2677C7A90071FC37 /* TestTitleCollectionViewCell.swift */,
				F4E664892674B30A0044A6C9 /* TestCollectionViewCell.swift */,
				F4188F4E267B68780071FC37 /* TestAllergensCollectionViewCell.swift */,
				F4E6648B267614190044A6C9 /* TestTableViewCell.swift */,
			);
			path = "Other View Controllers";
			sourceTree = "<group>";
		};
/* End PBXGroup section */

/* Begin PBXNativeTarget section */
		F4CF66FD257BB7C1004FF87F /* QADS Cafe and Bar */ = {
			isa = PBXNativeTarget;
			buildConfigurationList = F4CF6728257BB7C2004FF87F /* Build configuration list for PBXNativeTarget "QADS Cafe and Bar" */;
			buildPhases = (
				5BCC543B29A854F40823DECE /* [CP] Check Pods Manifest.lock */,
				F4CF66FA257BB7C1004FF87F /* Sources */,
				F4CF66FB257BB7C1004FF87F /* Frameworks */,
				F4CF66FC257BB7C1004FF87F /* Resources */,
				FC7DEB763068B3DD4BE33D04 /* [CP] Embed Pods Frameworks */,
				0A0FB204066C7977B9D40119 /* [CP] Copy Pods Resources */,
			);
			buildRules = (
			);
			dependencies = (
			);
			name = "QADS Cafe and Bar";
			productName = "QADS Cafe and Bar";
			productReference = F4CF66FE257BB7C1004FF87F /* QADS Cafe and Bar.app */;
			productType = "com.apple.product-type.application";
		};
		F4CF6713257BB7C2004FF87F /* QADS Cafe and BarTests */ = {
			isa = PBXNativeTarget;
			buildConfigurationList = F4CF672B257BB7C2004FF87F /* Build configuration list for PBXNativeTarget "QADS Cafe and BarTests" */;
			buildPhases = (
				3C6411FAB4519C3B5F865DFE /* [CP] Check Pods Manifest.lock */,
				F4CF6710257BB7C2004FF87F /* Sources */,
				F4CF6711257BB7C2004FF87F /* Frameworks */,
				F4CF6712257BB7C2004FF87F /* Resources */,
			);
			buildRules = (
			);
			dependencies = (
				F4CF6716257BB7C2004FF87F /* PBXTargetDependency */,
			);
			name = "QADS Cafe and BarTests";
			productName = "QADS Cafe and BarTests";
			productReference = F4CF6714257BB7C2004FF87F /* QADS Cafe and BarTests.xctest */;
			productType = "com.apple.product-type.bundle.unit-test";
		};
		F4CF671E257BB7C2004FF87F /* QADS Cafe and BarUITests */ = {
			isa = PBXNativeTarget;
			buildConfigurationList = F4CF672E257BB7C2004FF87F /* Build configuration list for PBXNativeTarget "QADS Cafe and BarUITests" */;
			buildPhases = (
				2B824E670D9235EB5ECEFE26 /* [CP] Check Pods Manifest.lock */,
				F4CF671B257BB7C2004FF87F /* Sources */,
				F4CF671C257BB7C2004FF87F /* Frameworks */,
				F4CF671D257BB7C2004FF87F /* Resources */,
				756CDC597919C29D8846D128 /* [CP] Embed Pods Frameworks */,
				FB25C52E09A2AD8403399C15 /* [CP] Copy Pods Resources */,
			);
			buildRules = (
			);
			dependencies = (
				F4CF6721257BB7C2004FF87F /* PBXTargetDependency */,
			);
			name = "QADS Cafe and BarUITests";
			productName = "QADS Cafe and BarUITests";
			productReference = F4CF671F257BB7C2004FF87F /* QADS Cafe and BarUITests.xctest */;
			productType = "com.apple.product-type.bundle.ui-testing";
		};
/* End PBXNativeTarget section */

/* Begin PBXProject section */
		F4CF66F6257BB7C1004FF87F /* Project object */ = {
			isa = PBXProject;
			attributes = {
				LastSwiftUpdateCheck = 1220;
				LastUpgradeCheck = 1220;
				TargetAttributes = {
					F4CF66FD257BB7C1004FF87F = {
						CreatedOnToolsVersion = 12.2;
					};
					F4CF6713257BB7C2004FF87F = {
						CreatedOnToolsVersion = 12.2;
						TestTargetID = F4CF66FD257BB7C1004FF87F;
					};
					F4CF671E257BB7C2004FF87F = {
						CreatedOnToolsVersion = 12.2;
						TestTargetID = F4CF66FD257BB7C1004FF87F;
					};
				};
			};
			buildConfigurationList = F4CF66F9257BB7C1004FF87F /* Build configuration list for PBXProject "QADS Cafe and Bar" */;
			compatibilityVersion = "Xcode 9.3";
			developmentRegion = en;
			hasScannedForEncodings = 0;
			knownRegions = (
				en,
				Base,
			);
			mainGroup = F4CF66F5257BB7C1004FF87F;
			productRefGroup = F4CF66FF257BB7C1004FF87F /* Products */;
			projectDirPath = "";
			projectRoot = "";
			targets = (
				F4CF66FD257BB7C1004FF87F /* QADS Cafe and Bar */,
				F4CF6713257BB7C2004FF87F /* QADS Cafe and BarTests */,
				F4CF671E257BB7C2004FF87F /* QADS Cafe and BarUITests */,
			);
		};
/* End PBXProject section */

/* Begin PBXResourcesBuildPhase section */
		F4CF66FC257BB7C1004FF87F /* Resources */ = {
			isa = PBXResourcesBuildPhase;
			buildActionMask = 2147483647;
			files = (
				F4CF670E257BB7C1004FF87F /* LaunchScreen.storyboard in Resources */,
				F4D1A92E257BEB8E0027035C /* CategoriesCollectionViewCell.xib in Resources */,
				F4CF6735257BB8BB004FF87F /* GoogleService-Info.plist in Resources */,
				F4D1A951257C40D40027035C /* ItemCollectionViewCell.xib in Resources */,
				F4CF670B257BB7C1004FF87F /* Assets.xcassets in Resources */,
				F4CF6709257BB7C1004FF87F /* Main.storyboard in Resources */,
			);
			runOnlyForDeploymentPostprocessing = 0;
		};
		F4CF6712257BB7C2004FF87F /* Resources */ = {
			isa = PBXResourcesBuildPhase;
			buildActionMask = 2147483647;
			files = (
				F4CF6736257BB8BB004FF87F /* GoogleService-Info.plist in Resources */,
			);
			runOnlyForDeploymentPostprocessing = 0;
		};
		F4CF671D257BB7C2004FF87F /* Resources */ = {
			isa = PBXResourcesBuildPhase;
			buildActionMask = 2147483647;
			files = (
				F4CF6737257BB8BB004FF87F /* GoogleService-Info.plist in Resources */,
			);
			runOnlyForDeploymentPostprocessing = 0;
		};
/* End PBXResourcesBuildPhase section */

/* Begin PBXShellScriptBuildPhase section */
		0A0FB204066C7977B9D40119 /* [CP] Copy Pods Resources */ = {
			isa = PBXShellScriptBuildPhase;
			buildActionMask = 2147483647;
			files = (
			);
			inputFileListPaths = (
				"${PODS_ROOT}/Target Support Files/Pods-QADS Cafe and Bar/Pods-QADS Cafe and Bar-resources-${CONFIGURATION}-input-files.xcfilelist",
			);
			name = "[CP] Copy Pods Resources";
			outputFileListPaths = (
				"${PODS_ROOT}/Target Support Files/Pods-QADS Cafe and Bar/Pods-QADS Cafe and Bar-resources-${CONFIGURATION}-output-files.xcfilelist",
			);
			runOnlyForDeploymentPostprocessing = 0;
			shellPath = /bin/sh;
			shellScript = "\"${PODS_ROOT}/Target Support Files/Pods-QADS Cafe and Bar/Pods-QADS Cafe and Bar-resources.sh\"\n";
			showEnvVarsInLog = 0;
		};
		2B824E670D9235EB5ECEFE26 /* [CP] Check Pods Manifest.lock */ = {
			isa = PBXShellScriptBuildPhase;
			buildActionMask = 2147483647;
			files = (
			);
			inputFileListPaths = (
			);
			inputPaths = (
				"${PODS_PODFILE_DIR_PATH}/Podfile.lock",
				"${PODS_ROOT}/Manifest.lock",
			);
			name = "[CP] Check Pods Manifest.lock";
			outputFileListPaths = (
			);
			outputPaths = (
				"$(DERIVED_FILE_DIR)/Pods-QADS Cafe and Bar-QADS Cafe and BarUITests-checkManifestLockResult.txt",
			);
			runOnlyForDeploymentPostprocessing = 0;
			shellPath = /bin/sh;
			shellScript = "diff \"${PODS_PODFILE_DIR_PATH}/Podfile.lock\" \"${PODS_ROOT}/Manifest.lock\" > /dev/null\nif [ $? != 0 ] ; then\n    # print error to STDERR\n    echo \"error: The sandbox is not in sync with the Podfile.lock. Run 'pod install' or update your CocoaPods installation.\" >&2\n    exit 1\nfi\n# This output is used by Xcode 'outputs' to avoid re-running this script phase.\necho \"SUCCESS\" > \"${SCRIPT_OUTPUT_FILE_0}\"\n";
			showEnvVarsInLog = 0;
		};
		3C6411FAB4519C3B5F865DFE /* [CP] Check Pods Manifest.lock */ = {
			isa = PBXShellScriptBuildPhase;
			buildActionMask = 2147483647;
			files = (
			);
			inputFileListPaths = (
			);
			inputPaths = (
				"${PODS_PODFILE_DIR_PATH}/Podfile.lock",
				"${PODS_ROOT}/Manifest.lock",
			);
			name = "[CP] Check Pods Manifest.lock";
			outputFileListPaths = (
			);
			outputPaths = (
				"$(DERIVED_FILE_DIR)/Pods-QADS Cafe and BarTests-checkManifestLockResult.txt",
			);
			runOnlyForDeploymentPostprocessing = 0;
			shellPath = /bin/sh;
			shellScript = "diff \"${PODS_PODFILE_DIR_PATH}/Podfile.lock\" \"${PODS_ROOT}/Manifest.lock\" > /dev/null\nif [ $? != 0 ] ; then\n    # print error to STDERR\n    echo \"error: The sandbox is not in sync with the Podfile.lock. Run 'pod install' or update your CocoaPods installation.\" >&2\n    exit 1\nfi\n# This output is used by Xcode 'outputs' to avoid re-running this script phase.\necho \"SUCCESS\" > \"${SCRIPT_OUTPUT_FILE_0}\"\n";
			showEnvVarsInLog = 0;
		};
		5BCC543B29A854F40823DECE /* [CP] Check Pods Manifest.lock */ = {
			isa = PBXShellScriptBuildPhase;
			buildActionMask = 2147483647;
			files = (
			);
			inputFileListPaths = (
			);
			inputPaths = (
				"${PODS_PODFILE_DIR_PATH}/Podfile.lock",
				"${PODS_ROOT}/Manifest.lock",
			);
			name = "[CP] Check Pods Manifest.lock";
			outputFileListPaths = (
			);
			outputPaths = (
				"$(DERIVED_FILE_DIR)/Pods-QADS Cafe and Bar-checkManifestLockResult.txt",
			);
			runOnlyForDeploymentPostprocessing = 0;
			shellPath = /bin/sh;
			shellScript = "diff \"${PODS_PODFILE_DIR_PATH}/Podfile.lock\" \"${PODS_ROOT}/Manifest.lock\" > /dev/null\nif [ $? != 0 ] ; then\n    # print error to STDERR\n    echo \"error: The sandbox is not in sync with the Podfile.lock. Run 'pod install' or update your CocoaPods installation.\" >&2\n    exit 1\nfi\n# This output is used by Xcode 'outputs' to avoid re-running this script phase.\necho \"SUCCESS\" > \"${SCRIPT_OUTPUT_FILE_0}\"\n";
			showEnvVarsInLog = 0;
		};
		756CDC597919C29D8846D128 /* [CP] Embed Pods Frameworks */ = {
			isa = PBXShellScriptBuildPhase;
			buildActionMask = 2147483647;
			files = (
			);
			inputFileListPaths = (
				"${PODS_ROOT}/Target Support Files/Pods-QADS Cafe and Bar-QADS Cafe and BarUITests/Pods-QADS Cafe and Bar-QADS Cafe and BarUITests-frameworks-${CONFIGURATION}-input-files.xcfilelist",
			);
			name = "[CP] Embed Pods Frameworks";
			outputFileListPaths = (
				"${PODS_ROOT}/Target Support Files/Pods-QADS Cafe and Bar-QADS Cafe and BarUITests/Pods-QADS Cafe and Bar-QADS Cafe and BarUITests-frameworks-${CONFIGURATION}-output-files.xcfilelist",
			);
			runOnlyForDeploymentPostprocessing = 0;
			shellPath = /bin/sh;
			shellScript = "\"${PODS_ROOT}/Target Support Files/Pods-QADS Cafe and Bar-QADS Cafe and BarUITests/Pods-QADS Cafe and Bar-QADS Cafe and BarUITests-frameworks.sh\"\n";
			showEnvVarsInLog = 0;
		};
		FB25C52E09A2AD8403399C15 /* [CP] Copy Pods Resources */ = {
			isa = PBXShellScriptBuildPhase;
			buildActionMask = 2147483647;
			files = (
			);
			inputFileListPaths = (
				"${PODS_ROOT}/Target Support Files/Pods-QADS Cafe and Bar-QADS Cafe and BarUITests/Pods-QADS Cafe and Bar-QADS Cafe and BarUITests-resources-${CONFIGURATION}-input-files.xcfilelist",
			);
			name = "[CP] Copy Pods Resources";
			outputFileListPaths = (
				"${PODS_ROOT}/Target Support Files/Pods-QADS Cafe and Bar-QADS Cafe and BarUITests/Pods-QADS Cafe and Bar-QADS Cafe and BarUITests-resources-${CONFIGURATION}-output-files.xcfilelist",
			);
			runOnlyForDeploymentPostprocessing = 0;
			shellPath = /bin/sh;
			shellScript = "\"${PODS_ROOT}/Target Support Files/Pods-QADS Cafe and Bar-QADS Cafe and BarUITests/Pods-QADS Cafe and Bar-QADS Cafe and BarUITests-resources.sh\"\n";
			showEnvVarsInLog = 0;
		};
		FC7DEB763068B3DD4BE33D04 /* [CP] Embed Pods Frameworks */ = {
			isa = PBXShellScriptBuildPhase;
			buildActionMask = 2147483647;
			files = (
			);
			inputFileListPaths = (
				"${PODS_ROOT}/Target Support Files/Pods-QADS Cafe and Bar/Pods-QADS Cafe and Bar-frameworks-${CONFIGURATION}-input-files.xcfilelist",
			);
			name = "[CP] Embed Pods Frameworks";
			outputFileListPaths = (
				"${PODS_ROOT}/Target Support Files/Pods-QADS Cafe and Bar/Pods-QADS Cafe and Bar-frameworks-${CONFIGURATION}-output-files.xcfilelist",
			);
			runOnlyForDeploymentPostprocessing = 0;
			shellPath = /bin/sh;
			shellScript = "\"${PODS_ROOT}/Target Support Files/Pods-QADS Cafe and Bar/Pods-QADS Cafe and Bar-frameworks.sh\"\n";
			showEnvVarsInLog = 0;
		};
/* End PBXShellScriptBuildPhase section */

/* Begin PBXSourcesBuildPhase section */
		F4CF66FA257BB7C1004FF87F /* Sources */ = {
			isa = PBXSourcesBuildPhase;
			buildActionMask = 2147483647;
			files = (
				F4E6648A2674B30A0044A6C9 /* TestCollectionViewCell.swift in Sources */,
				F4D1A91E257BE1950027035C /* MainTabBarViewController.swift in Sources */,
				F4D1A92D257BEB8E0027035C /* CategoriesCollectionViewCell.swift in Sources */,
				F414A8FC25CE9E380008B9AB /* CafeViewController.swift in Sources */,
				F414A90425CEAB980008B9AB /* BarViewController.swift in Sources */,
				F4D1A926257BE39A0027035C /* MainNavigationViewController.swift in Sources */,
				F4D1A94A257C39030027035C /* Item.swift in Sources */,
				F4D1A960257D41E10027035C /* OptionsTableViewCell.swift in Sources */,
				F4A3393C264C0EE8003F15BC /* BasketViewController.swift in Sources */,
				F4D944A325A5F6780061532A /* Order.swift in Sources */,
				F4A33942264FC609003F15BC /* ButteryViewController.swift in Sources */,
				F4E6648C267614190044A6C9 /* TestTableViewCell.swift in Sources */,
				F49B429825B1AE8700FDF054 /* OrderItemsTableViewCell.swift in Sources */,
				F4D1A940257C02130027035C /* Constants.swift in Sources */,
				F429480725C88A5D00A11D94 /* CategoryList.swift in Sources */,
				F4188F4B2677C7A90071FC37 /* TestTitleCollectionViewCell.swift in Sources */,
				F4EDDCFE265BC16E0095FC2C /* AllergiesTableViewCell.swift in Sources */,
				F4188F4F267B68780071FC37 /* TestAllergensCollectionViewCell.swift in Sources */,
				F4EDDD00265BC2430095FC2C /* CheckBoxImageView.swift in Sources */,
				F429480225C86A6B00A11D94 /* OrderConfirmationViewController.swift in Sources */,
				F4D1A945257C07600027035C /* ItemsViewController.swift in Sources */,
				F4A3394426526B62003F15BC /* OptionPickerViewController.swift in Sources */,
				F4D1A957257D0D390027035C /* ItemDetailViewController.swift in Sources */,
				F4D1A914257BD9F30027035C /* User.swift in Sources */,
				F444DFB825C84A9900E8D7CE /* SignUpViewController.swift in Sources */,
				F43EE1DF25A4F5BA000844D7 /* extensions.swift in Sources */,
				F4CF6702257BB7C1004FF87F /* AppDelegate.swift in Sources */,
				F4CF6704257BB7C1004FF87F /* SceneDelegate.swift in Sources */,
				F4D1A8EC257BD31A0027035C /* SignInViewController.swift in Sources */,
				F4E664882674A5110044A6C9 /* TestViewController.swift in Sources */,
				F4A3393E264C0F2D003F15BC /* OrderItemsCollectionViewCell.swift in Sources */,
				F4D1A950257C40D40027035C /* ItemCollectionViewCell.swift in Sources */,
				F4A33940264C1E4F003F15BC /* DetailsFooterCollectionReusableView.swift in Sources */,
			);
			runOnlyForDeploymentPostprocessing = 0;
		};
		F4CF6710257BB7C2004FF87F /* Sources */ = {
			isa = PBXSourcesBuildPhase;
			buildActionMask = 2147483647;
			files = (
				F4CF6719257BB7C2004FF87F /* QADS_Cafe_and_BarTests.swift in Sources */,
			);
			runOnlyForDeploymentPostprocessing = 0;
		};
		F4CF671B257BB7C2004FF87F /* Sources */ = {
			isa = PBXSourcesBuildPhase;
			buildActionMask = 2147483647;
			files = (
				F4CF6724257BB7C2004FF87F /* QADS_Cafe_and_BarUITests.swift in Sources */,
			);
			runOnlyForDeploymentPostprocessing = 0;
		};
/* End PBXSourcesBuildPhase section */

/* Begin PBXTargetDependency section */
		F4CF6716257BB7C2004FF87F /* PBXTargetDependency */ = {
			isa = PBXTargetDependency;
			target = F4CF66FD257BB7C1004FF87F /* QADS Cafe and Bar */;
			targetProxy = F4CF6715257BB7C2004FF87F /* PBXContainerItemProxy */;
		};
		F4CF6721257BB7C2004FF87F /* PBXTargetDependency */ = {
			isa = PBXTargetDependency;
			target = F4CF66FD257BB7C1004FF87F /* QADS Cafe and Bar */;
			targetProxy = F4CF6720257BB7C2004FF87F /* PBXContainerItemProxy */;
		};
/* End PBXTargetDependency section */

/* Begin PBXVariantGroup section */
		F4CF6707257BB7C1004FF87F /* Main.storyboard */ = {
			isa = PBXVariantGroup;
			children = (
				F4CF6708257BB7C1004FF87F /* Base */,
			);
			name = Main.storyboard;
			sourceTree = "<group>";
		};
		F4CF670C257BB7C1004FF87F /* LaunchScreen.storyboard */ = {
			isa = PBXVariantGroup;
			children = (
				F4CF670D257BB7C1004FF87F /* Base */,
			);
			name = LaunchScreen.storyboard;
			sourceTree = "<group>";
		};
/* End PBXVariantGroup section */

/* Begin XCBuildConfiguration section */
		F4CF6726257BB7C2004FF87F /* Debug */ = {
			isa = XCBuildConfiguration;
			buildSettings = {
				ALWAYS_SEARCH_USER_PATHS = NO;
				CLANG_ANALYZER_NONNULL = YES;
				CLANG_ANALYZER_NUMBER_OBJECT_CONVERSION = YES_AGGRESSIVE;
				CLANG_CXX_LANGUAGE_STANDARD = "gnu++14";
				CLANG_CXX_LIBRARY = "libc++";
				CLANG_ENABLE_MODULES = YES;
				CLANG_ENABLE_OBJC_ARC = YES;
				CLANG_ENABLE_OBJC_WEAK = YES;
				CLANG_WARN_BLOCK_CAPTURE_AUTORELEASING = YES;
				CLANG_WARN_BOOL_CONVERSION = YES;
				CLANG_WARN_COMMA = YES;
				CLANG_WARN_CONSTANT_CONVERSION = YES;
				CLANG_WARN_DEPRECATED_OBJC_IMPLEMENTATIONS = YES;
				CLANG_WARN_DIRECT_OBJC_ISA_USAGE = YES_ERROR;
				CLANG_WARN_DOCUMENTATION_COMMENTS = YES;
				CLANG_WARN_EMPTY_BODY = YES;
				CLANG_WARN_ENUM_CONVERSION = YES;
				CLANG_WARN_INFINITE_RECURSION = YES;
				CLANG_WARN_INT_CONVERSION = YES;
				CLANG_WARN_NON_LITERAL_NULL_CONVERSION = YES;
				CLANG_WARN_OBJC_IMPLICIT_RETAIN_SELF = YES;
				CLANG_WARN_OBJC_LITERAL_CONVERSION = YES;
				CLANG_WARN_OBJC_ROOT_CLASS = YES_ERROR;
				CLANG_WARN_QUOTED_INCLUDE_IN_FRAMEWORK_HEADER = YES;
				CLANG_WARN_RANGE_LOOP_ANALYSIS = YES;
				CLANG_WARN_STRICT_PROTOTYPES = YES;
				CLANG_WARN_SUSPICIOUS_MOVE = YES;
				CLANG_WARN_UNGUARDED_AVAILABILITY = YES_AGGRESSIVE;
				CLANG_WARN_UNREACHABLE_CODE = YES;
				CLANG_WARN__DUPLICATE_METHOD_MATCH = YES;
				COPY_PHASE_STRIP = NO;
				DEBUG_INFORMATION_FORMAT = dwarf;
				ENABLE_STRICT_OBJC_MSGSEND = YES;
				ENABLE_TESTABILITY = YES;
				GCC_C_LANGUAGE_STANDARD = gnu11;
				GCC_DYNAMIC_NO_PIC = NO;
				GCC_NO_COMMON_BLOCKS = YES;
				GCC_OPTIMIZATION_LEVEL = 0;
				GCC_PREPROCESSOR_DEFINITIONS = (
					"DEBUG=1",
					"$(inherited)",
				);
				GCC_WARN_64_TO_32_BIT_CONVERSION = YES;
				GCC_WARN_ABOUT_RETURN_TYPE = YES_ERROR;
				GCC_WARN_UNDECLARED_SELECTOR = YES;
				GCC_WARN_UNINITIALIZED_AUTOS = YES_AGGRESSIVE;
				GCC_WARN_UNUSED_FUNCTION = YES;
				GCC_WARN_UNUSED_VARIABLE = YES;
				IPHONEOS_DEPLOYMENT_TARGET = 14.2;
				MTL_ENABLE_DEBUG_INFO = INCLUDE_SOURCE;
				MTL_FAST_MATH = YES;
				ONLY_ACTIVE_ARCH = YES;
				SDKROOT = iphoneos;
				SWIFT_ACTIVE_COMPILATION_CONDITIONS = DEBUG;
				SWIFT_OPTIMIZATION_LEVEL = "-Onone";
			};
			name = Debug;
		};
		F4CF6727257BB7C2004FF87F /* Release */ = {
			isa = XCBuildConfiguration;
			buildSettings = {
				ALWAYS_SEARCH_USER_PATHS = NO;
				CLANG_ANALYZER_NONNULL = YES;
				CLANG_ANALYZER_NUMBER_OBJECT_CONVERSION = YES_AGGRESSIVE;
				CLANG_CXX_LANGUAGE_STANDARD = "gnu++14";
				CLANG_CXX_LIBRARY = "libc++";
				CLANG_ENABLE_MODULES = YES;
				CLANG_ENABLE_OBJC_ARC = YES;
				CLANG_ENABLE_OBJC_WEAK = YES;
				CLANG_WARN_BLOCK_CAPTURE_AUTORELEASING = YES;
				CLANG_WARN_BOOL_CONVERSION = YES;
				CLANG_WARN_COMMA = YES;
				CLANG_WARN_CONSTANT_CONVERSION = YES;
				CLANG_WARN_DEPRECATED_OBJC_IMPLEMENTATIONS = YES;
				CLANG_WARN_DIRECT_OBJC_ISA_USAGE = YES_ERROR;
				CLANG_WARN_DOCUMENTATION_COMMENTS = YES;
				CLANG_WARN_EMPTY_BODY = YES;
				CLANG_WARN_ENUM_CONVERSION = YES;
				CLANG_WARN_INFINITE_RECURSION = YES;
				CLANG_WARN_INT_CONVERSION = YES;
				CLANG_WARN_NON_LITERAL_NULL_CONVERSION = YES;
				CLANG_WARN_OBJC_IMPLICIT_RETAIN_SELF = YES;
				CLANG_WARN_OBJC_LITERAL_CONVERSION = YES;
				CLANG_WARN_OBJC_ROOT_CLASS = YES_ERROR;
				CLANG_WARN_QUOTED_INCLUDE_IN_FRAMEWORK_HEADER = YES;
				CLANG_WARN_RANGE_LOOP_ANALYSIS = YES;
				CLANG_WARN_STRICT_PROTOTYPES = YES;
				CLANG_WARN_SUSPICIOUS_MOVE = YES;
				CLANG_WARN_UNGUARDED_AVAILABILITY = YES_AGGRESSIVE;
				CLANG_WARN_UNREACHABLE_CODE = YES;
				CLANG_WARN__DUPLICATE_METHOD_MATCH = YES;
				COPY_PHASE_STRIP = NO;
				DEBUG_INFORMATION_FORMAT = "dwarf-with-dsym";
				ENABLE_NS_ASSERTIONS = NO;
				ENABLE_STRICT_OBJC_MSGSEND = YES;
				GCC_C_LANGUAGE_STANDARD = gnu11;
				GCC_NO_COMMON_BLOCKS = YES;
				GCC_WARN_64_TO_32_BIT_CONVERSION = YES;
				GCC_WARN_ABOUT_RETURN_TYPE = YES_ERROR;
				GCC_WARN_UNDECLARED_SELECTOR = YES;
				GCC_WARN_UNINITIALIZED_AUTOS = YES_AGGRESSIVE;
				GCC_WARN_UNUSED_FUNCTION = YES;
				GCC_WARN_UNUSED_VARIABLE = YES;
				IPHONEOS_DEPLOYMENT_TARGET = 14.2;
				MTL_ENABLE_DEBUG_INFO = NO;
				MTL_FAST_MATH = YES;
				SDKROOT = iphoneos;
				SWIFT_COMPILATION_MODE = wholemodule;
				SWIFT_OPTIMIZATION_LEVEL = "-O";
				VALIDATE_PRODUCT = YES;
			};
			name = Release;
		};
		F4CF6729257BB7C2004FF87F /* Debug */ = {
			isa = XCBuildConfiguration;
			baseConfigurationReference = B98F58E963B94DBCF2D08CB8 /* Pods-QADS Cafe and Bar.debug.xcconfig */;
			buildSettings = {
				ASSETCATALOG_COMPILER_APPICON_NAME = AppIcon;
				ASSETCATALOG_COMPILER_GLOBAL_ACCENT_COLOR_NAME = AccentColor;
				CLANG_WARN_QUOTED_INCLUDE_IN_FRAMEWORK_HEADER = NO;
				CODE_SIGN_ENTITLEMENTS = "QADS Cafe and Bar/QADS Cafe and Bar.entitlements";
				CODE_SIGN_STYLE = Automatic;
				DEVELOPMENT_TEAM = X9F3S93MFG;
				INFOPLIST_FILE = "QADS Cafe and Bar/Info.plist";
				LD_RUNPATH_SEARCH_PATHS = (
					"$(inherited)",
					"@executable_path/Frameworks",
				);
				PRODUCT_BUNDLE_IDENTIFIER = "com.samphillips.QADS-Cafe-and-Bar";
				PRODUCT_NAME = "$(TARGET_NAME)";
				SWIFT_COMPILATION_MODE = singlefile;
				SWIFT_VERSION = 5.0;
				TARGETED_DEVICE_FAMILY = "1,2";
			};
			name = Debug;
		};
		F4CF672A257BB7C2004FF87F /* Release */ = {
			isa = XCBuildConfiguration;
			baseConfigurationReference = 22F5D011CF0440850C9A594B /* Pods-QADS Cafe and Bar.release.xcconfig */;
			buildSettings = {
				ASSETCATALOG_COMPILER_APPICON_NAME = AppIcon;
				ASSETCATALOG_COMPILER_GLOBAL_ACCENT_COLOR_NAME = AccentColor;
				CLANG_WARN_QUOTED_INCLUDE_IN_FRAMEWORK_HEADER = NO;
				CODE_SIGN_ENTITLEMENTS = "QADS Cafe and Bar/QADS Cafe and Bar.entitlements";
				CODE_SIGN_STYLE = Automatic;
				DEVELOPMENT_TEAM = X9F3S93MFG;
				INFOPLIST_FILE = "QADS Cafe and Bar/Info.plist";
				LD_RUNPATH_SEARCH_PATHS = (
					"$(inherited)",
					"@executable_path/Frameworks",
				);
				PRODUCT_BUNDLE_IDENTIFIER = "com.samphillips.QADS-Cafe-and-Bar";
				PRODUCT_NAME = "$(TARGET_NAME)";
				SWIFT_COMPILATION_MODE = wholemodule;
				SWIFT_VERSION = 5.0;
				TARGETED_DEVICE_FAMILY = "1,2";
			};
			name = Release;
		};
		F4CF672C257BB7C2004FF87F /* Debug */ = {
			isa = XCBuildConfiguration;
			baseConfigurationReference = A35502AFC7100019E8B92804 /* Pods-QADS Cafe and BarTests.debug.xcconfig */;
			buildSettings = {
				ALWAYS_EMBED_SWIFT_STANDARD_LIBRARIES = YES;
				BUNDLE_LOADER = "$(TEST_HOST)";
				CLANG_WARN_QUOTED_INCLUDE_IN_FRAMEWORK_HEADER = NO;
				CODE_SIGN_STYLE = Automatic;
				DEVELOPMENT_TEAM = X9F3S93MFG;
				INFOPLIST_FILE = "QADS Cafe and BarTests/Info.plist";
				IPHONEOS_DEPLOYMENT_TARGET = 14.2;
				LD_RUNPATH_SEARCH_PATHS = (
					"$(inherited)",
					"@executable_path/Frameworks",
					"@loader_path/Frameworks",
				);
				PRODUCT_BUNDLE_IDENTIFIER = "com.samphillips.QADS-Cafe-and-BarTests";
				PRODUCT_NAME = "$(TARGET_NAME)";
				SWIFT_VERSION = 5.0;
				TARGETED_DEVICE_FAMILY = "1,2";
				TEST_HOST = "$(BUILT_PRODUCTS_DIR)/QADS Cafe and Bar.app/QADS Cafe and Bar";
			};
			name = Debug;
		};
		F4CF672D257BB7C2004FF87F /* Release */ = {
			isa = XCBuildConfiguration;
			baseConfigurationReference = 40CB71C94E8C2A72ABDE605B /* Pods-QADS Cafe and BarTests.release.xcconfig */;
			buildSettings = {
				ALWAYS_EMBED_SWIFT_STANDARD_LIBRARIES = YES;
				BUNDLE_LOADER = "$(TEST_HOST)";
				CLANG_WARN_QUOTED_INCLUDE_IN_FRAMEWORK_HEADER = NO;
				CODE_SIGN_STYLE = Automatic;
				DEVELOPMENT_TEAM = X9F3S93MFG;
				INFOPLIST_FILE = "QADS Cafe and BarTests/Info.plist";
				IPHONEOS_DEPLOYMENT_TARGET = 14.2;
				LD_RUNPATH_SEARCH_PATHS = (
					"$(inherited)",
					"@executable_path/Frameworks",
					"@loader_path/Frameworks",
				);
				PRODUCT_BUNDLE_IDENTIFIER = "com.samphillips.QADS-Cafe-and-BarTests";
				PRODUCT_NAME = "$(TARGET_NAME)";
				SWIFT_VERSION = 5.0;
				TARGETED_DEVICE_FAMILY = "1,2";
				TEST_HOST = "$(BUILT_PRODUCTS_DIR)/QADS Cafe and Bar.app/QADS Cafe and Bar";
			};
			name = Release;
		};
		F4CF672F257BB7C2004FF87F /* Debug */ = {
			isa = XCBuildConfiguration;
			baseConfigurationReference = 5E59C8EA50E6768D644498A6 /* Pods-QADS Cafe and Bar-QADS Cafe and BarUITests.debug.xcconfig */;
			buildSettings = {
				ALWAYS_EMBED_SWIFT_STANDARD_LIBRARIES = YES;
				CLANG_WARN_QUOTED_INCLUDE_IN_FRAMEWORK_HEADER = NO;
				CODE_SIGN_STYLE = Automatic;
				DEVELOPMENT_TEAM = X9F3S93MFG;
				INFOPLIST_FILE = "QADS Cafe and BarUITests/Info.plist";
				LD_RUNPATH_SEARCH_PATHS = (
					"$(inherited)",
					"@executable_path/Frameworks",
					"@loader_path/Frameworks",
				);
				PRODUCT_BUNDLE_IDENTIFIER = "com.samphillips.QADS-Cafe-and-BarUITests";
				PRODUCT_NAME = "$(TARGET_NAME)";
				SWIFT_VERSION = 5.0;
				TARGETED_DEVICE_FAMILY = "1,2";
				TEST_TARGET_NAME = "QADS Cafe and Bar";
			};
			name = Debug;
		};
		F4CF6730257BB7C2004FF87F /* Release */ = {
			isa = XCBuildConfiguration;
			baseConfigurationReference = 848306473783005A3AB87F8A /* Pods-QADS Cafe and Bar-QADS Cafe and BarUITests.release.xcconfig */;
			buildSettings = {
				ALWAYS_EMBED_SWIFT_STANDARD_LIBRARIES = YES;
				CLANG_WARN_QUOTED_INCLUDE_IN_FRAMEWORK_HEADER = NO;
				CODE_SIGN_STYLE = Automatic;
				DEVELOPMENT_TEAM = X9F3S93MFG;
				INFOPLIST_FILE = "QADS Cafe and BarUITests/Info.plist";
				LD_RUNPATH_SEARCH_PATHS = (
					"$(inherited)",
					"@executable_path/Frameworks",
					"@loader_path/Frameworks",
				);
				PRODUCT_BUNDLE_IDENTIFIER = "com.samphillips.QADS-Cafe-and-BarUITests";
				PRODUCT_NAME = "$(TARGET_NAME)";
				SWIFT_VERSION = 5.0;
				TARGETED_DEVICE_FAMILY = "1,2";
				TEST_TARGET_NAME = "QADS Cafe and Bar";
			};
			name = Release;
		};
/* End XCBuildConfiguration section */

/* Begin XCConfigurationList section */
		F4CF66F9257BB7C1004FF87F /* Build configuration list for PBXProject "QADS Cafe and Bar" */ = {
			isa = XCConfigurationList;
			buildConfigurations = (
				F4CF6726257BB7C2004FF87F /* Debug */,
				F4CF6727257BB7C2004FF87F /* Release */,
			);
			defaultConfigurationIsVisible = 0;
			defaultConfigurationName = Release;
		};
		F4CF6728257BB7C2004FF87F /* Build configuration list for PBXNativeTarget "QADS Cafe and Bar" */ = {
			isa = XCConfigurationList;
			buildConfigurations = (
				F4CF6729257BB7C2004FF87F /* Debug */,
				F4CF672A257BB7C2004FF87F /* Release */,
			);
			defaultConfigurationIsVisible = 0;
			defaultConfigurationName = Release;
		};
		F4CF672B257BB7C2004FF87F /* Build configuration list for PBXNativeTarget "QADS Cafe and BarTests" */ = {
			isa = XCConfigurationList;
			buildConfigurations = (
				F4CF672C257BB7C2004FF87F /* Debug */,
				F4CF672D257BB7C2004FF87F /* Release */,
			);
			defaultConfigurationIsVisible = 0;
			defaultConfigurationName = Release;
		};
		F4CF672E257BB7C2004FF87F /* Build configuration list for PBXNativeTarget "QADS Cafe and BarUITests" */ = {
			isa = XCConfigurationList;
			buildConfigurations = (
				F4CF672F257BB7C2004FF87F /* Debug */,
				F4CF6730257BB7C2004FF87F /* Release */,
			);
			defaultConfigurationIsVisible = 0;
			defaultConfigurationName = Release;
		};
/* End XCConfigurationList section */
	};
	rootObject = F4CF66F6257BB7C1004FF87F /* Project object */;
}
